
Microsoft Visual Studio Solution File, Format Version 12.00
# Visual Studio 15
VisualStudioVersion = 15.0.28307.1231
MinimumVisualStudioVersion = 10.0.40219.1
Project("{9092AA53-FB77-4645-B42D-1CCCA6BD08BD}") = "Lab2", "Lab2\Lab2.njsproj", "{7DDF60C0-72CD-444C-ACFC-590815437B83}"
EndProject
Global
	GlobalSection(SolutionConfigurationPlatforms) = preSolution
		Debug|Any CPU = Debug|Any CPU
		Release|Any CPU = Release|Any CPU
	EndGlobalSection
	GlobalSection(ProjectConfigurationPlatforms) = postSolution
		{7DDF60C0-72CD-444C-ACFC-590815437B83}.Debug|Any CPU.ActiveCfg = Debug|Any CPU
		{7DDF60C0-72CD-444C-ACFC-590815437B83}.Debug|Any CPU.Build.0 = Debug|Any CPU
		{7DDF60C0-72CD-444C-ACFC-590815437B83}.Release|Any CPU.ActiveCfg = Release|Any CPU
		{7DDF60C0-72CD-444C-ACFC-590815437B83}.Release|Any CPU.Build.0 = Release|Any CPU
	EndGlobalSection
	GlobalSection(SolutionProperties) = preSolution
		HideSolutionNode = FALSE
	EndGlobalSection
	GlobalSection(ExtensibilityGlobals) = postSolution
		SolutionGuid = {0B65B361-6954-42AA-B871-85A2AFBCFBE6}
	EndGlobalSection
EndGlobal
